// !$*UTF8*$!
{
	archiveVersion = 1;
	classes = {
	};
	objectVersion = 50;
	objects = {

/* Begin PBXBuildFile section */
		DC2B8A6759483840CF0D1F6F /* Pods_Photo_Vault.framework in Frameworks */ = {isa = PBXBuildFile; fileRef = 2DFD1D4AA99901C571B0432C /* Pods_Photo_Vault.framework */; };
		DF163B47224435270034CCD3 /* MediaPlayerViewController.swift in Sources */ = {isa = PBXBuildFile; fileRef = DF163B46224435270034CCD3 /* MediaPlayerViewController.swift */; };
		DF7D40322206DFC3001D5BE8 /* Theme.swift in Sources */ = {isa = PBXBuildFile; fileRef = DF7D40312206DFC3001D5BE8 /* Theme.swift */; };
		DF7D40362207C78C001D5BE8 /* VaultTabViewController.swift in Sources */ = {isa = PBXBuildFile; fileRef = DF7D40352207C78C001D5BE8 /* VaultTabViewController.swift */; };
		DF7D40382207CA2B001D5BE8 /* CameraViewController.swift in Sources */ = {isa = PBXBuildFile; fileRef = DF7D40372207CA2B001D5BE8 /* CameraViewController.swift */; };
		DF7D403A2207CA39001D5BE8 /* LibraryCollectionViewController.swift in Sources */ = {isa = PBXBuildFile; fileRef = DF7D40392207CA39001D5BE8 /* LibraryCollectionViewController.swift */; };
		DFCDA2912206DA0B00295C99 /* AppDelegate.swift in Sources */ = {isa = PBXBuildFile; fileRef = DFCDA2902206DA0B00295C99 /* AppDelegate.swift */; };
		DFCDA2932206DA0B00295C99 /* LockViewController.swift in Sources */ = {isa = PBXBuildFile; fileRef = DFCDA2922206DA0B00295C99 /* LockViewController.swift */; };
		DFCDA2982206DA0C00295C99 /* Assets.xcassets in Resources */ = {isa = PBXBuildFile; fileRef = DFCDA2972206DA0C00295C99 /* Assets.xcassets */; };
		DFCDA29B2206DA0C00295C99 /* LaunchScreen.storyboard in Resources */ = {isa = PBXBuildFile; fileRef = DFCDA2992206DA0C00295C99 /* LaunchScreen.storyboard */; };
		DFF84D5B220A17CE00232A04 /* Core_Data.xcdatamodeld in Sources */ = {isa = PBXBuildFile; fileRef = DFF84D59220A17CE00232A04 /* Core_Data.xcdatamodeld */; };
/* End PBXBuildFile section */

/* Begin PBXFileReference section */
		2DFD1D4AA99901C571B0432C /* Pods_Photo_Vault.framework */ = {isa = PBXFileReference; explicitFileType = wrapper.framework; includeInIndex = 0; path = Pods_Photo_Vault.framework; sourceTree = BUILT_PRODUCTS_DIR; };
		8986131FDE93873F7A4D1210 /* Pods-Photo Vault.release.xcconfig */ = {isa = PBXFileReference; includeInIndex = 1; lastKnownFileType = text.xcconfig; name = "Pods-Photo Vault.release.xcconfig"; path = "Pods/Target Support Files/Pods-Photo Vault/Pods-Photo Vault.release.xcconfig"; sourceTree = "<group>"; };
		D6C812B2B8535F0702F22F24 /* Pods-Photo Vault.debug.xcconfig */ = {isa = PBXFileReference; includeInIndex = 1; lastKnownFileType = text.xcconfig; name = "Pods-Photo Vault.debug.xcconfig"; path = "Pods/Target Support Files/Pods-Photo Vault/Pods-Photo Vault.debug.xcconfig"; sourceTree = "<group>"; };
		DF163B46224435270034CCD3 /* MediaPlayerViewController.swift */ = {isa = PBXFileReference; lastKnownFileType = sourcecode.swift; path = MediaPlayerViewController.swift; sourceTree = "<group>"; };
		DF7D40312206DFC3001D5BE8 /* Theme.swift */ = {isa = PBXFileReference; lastKnownFileType = sourcecode.swift; path = Theme.swift; sourceTree = "<group>"; };
		DF7D40352207C78C001D5BE8 /* VaultTabViewController.swift */ = {isa = PBXFileReference; lastKnownFileType = sourcecode.swift; path = VaultTabViewController.swift; sourceTree = "<group>"; };
		DF7D40372207CA2B001D5BE8 /* CameraViewController.swift */ = {isa = PBXFileReference; lastKnownFileType = sourcecode.swift; path = CameraViewController.swift; sourceTree = "<group>"; };
		DF7D40392207CA39001D5BE8 /* LibraryCollectionViewController.swift */ = {isa = PBXFileReference; lastKnownFileType = sourcecode.swift; path = LibraryCollectionViewController.swift; sourceTree = "<group>"; };
		DFCDA28D2206DA0B00295C99 /* Photo Vault.app */ = {isa = PBXFileReference; explicitFileType = wrapper.application; includeInIndex = 0; path = "Photo Vault.app"; sourceTree = BUILT_PRODUCTS_DIR; };
		DFCDA2902206DA0B00295C99 /* AppDelegate.swift */ = {isa = PBXFileReference; lastKnownFileType = sourcecode.swift; path = AppDelegate.swift; sourceTree = "<group>"; };
		DFCDA2922206DA0B00295C99 /* LockViewController.swift */ = {isa = PBXFileReference; lastKnownFileType = sourcecode.swift; path = LockViewController.swift; sourceTree = "<group>"; };
		DFCDA2972206DA0C00295C99 /* Assets.xcassets */ = {isa = PBXFileReference; lastKnownFileType = folder.assetcatalog; path = Assets.xcassets; sourceTree = "<group>"; };
		DFCDA29A2206DA0C00295C99 /* Base */ = {isa = PBXFileReference; lastKnownFileType = file.storyboard; name = Base; path = Base.lproj/LaunchScreen.storyboard; sourceTree = "<group>"; };
		DFCDA29C2206DA0C00295C99 /* Info.plist */ = {isa = PBXFileReference; lastKnownFileType = text.plist.xml; path = Info.plist; sourceTree = "<group>"; };
		DFF84D5A220A17CE00232A04 /* Core_Data.xcdatamodel */ = {isa = PBXFileReference; lastKnownFileType = wrapper.xcdatamodel; path = Core_Data.xcdatamodel; sourceTree = "<group>"; };
/* End PBXFileReference section */

/* Begin PBXFrameworksBuildPhase section */
		DFCDA28A2206DA0B00295C99 /* Frameworks */ = {
			isa = PBXFrameworksBuildPhase;
			buildActionMask = 2147483647;
			files = (
				DC2B8A6759483840CF0D1F6F /* Pods_Photo_Vault.framework in Frameworks */,
			);
			runOnlyForDeploymentPostprocessing = 0;
		};
/* End PBXFrameworksBuildPhase section */

/* Begin PBXGroup section */
		BBBF1CC9432A1E2FAEFE78D5 /* Frameworks */ = {
			isa = PBXGroup;
			children = (
				2DFD1D4AA99901C571B0432C /* Pods_Photo_Vault.framework */,
			);
			name = Frameworks;
			sourceTree = "<group>";
		};
		DF7D403B2207CA43001D5BE8 /* View Controllers */ = {
			isa = PBXGroup;
			children = (
				DFCDA2922206DA0B00295C99 /* LockViewController.swift */,
				DF7D40352207C78C001D5BE8 /* VaultTabViewController.swift */,
				DF7D40372207CA2B001D5BE8 /* CameraViewController.swift */,
				DF163B46224435270034CCD3 /* MediaPlayerViewController.swift */,
				DF7D40392207CA39001D5BE8 /* LibraryCollectionViewController.swift */,
			);
			path = "View Controllers";
			sourceTree = "<group>";
		};
		DFCDA2842206DA0B00295C99 = {
			isa = PBXGroup;
			children = (
				DFCDA28F2206DA0B00295C99 /* Photo Vault */,
				DFCDA28E2206DA0B00295C99 /* Products */,
				F1BAB75A9109713A45257BEF /* Pods */,
				BBBF1CC9432A1E2FAEFE78D5 /* Frameworks */,
			);
			sourceTree = "<group>";
		};
		DFCDA28E2206DA0B00295C99 /* Products */ = {
			isa = PBXGroup;
			children = (
				DFCDA28D2206DA0B00295C99 /* Photo Vault.app */,
			);
			name = Products;
			sourceTree = "<group>";
		};
		DFCDA28F2206DA0B00295C99 /* Photo Vault */ = {
			isa = PBXGroup;
			children = (
				DF7D403B2207CA43001D5BE8 /* View Controllers */,
				DFCDA2902206DA0B00295C99 /* AppDelegate.swift */,
				DFF84D59220A17CE00232A04 /* Core_Data.xcdatamodeld */,
				DF7D40312206DFC3001D5BE8 /* Theme.swift */,
				DFCDA2972206DA0C00295C99 /* Assets.xcassets */,
				DFCDA2992206DA0C00295C99 /* LaunchScreen.storyboard */,
				DFCDA29C2206DA0C00295C99 /* Info.plist */,
			);
			path = "Photo Vault";
			sourceTree = "<group>";
		};
		F1BAB75A9109713A45257BEF /* Pods */ = {
			isa = PBXGroup;
			children = (
				D6C812B2B8535F0702F22F24 /* Pods-Photo Vault.debug.xcconfig */,
				8986131FDE93873F7A4D1210 /* Pods-Photo Vault.release.xcconfig */,
			);
			name = Pods;
			sourceTree = "<group>";
		};
/* End PBXGroup section */

/* Begin PBXNativeTarget section */
		DFCDA28C2206DA0B00295C99 /* Photo Vault */ = {
			isa = PBXNativeTarget;
			buildConfigurationList = DFCDA29F2206DA0C00295C99 /* Build configuration list for PBXNativeTarget "Photo Vault" */;
			buildPhases = (
				B118FA7A365C16D94D00C7DA /* [CP] Check Pods Manifest.lock */,
				DFCDA2892206DA0B00295C99 /* Sources */,
				DFCDA28A2206DA0B00295C99 /* Frameworks */,
				DFCDA28B2206DA0B00295C99 /* Resources */,
				D4DBE315E5F508993CE85E4E /* [CP] Embed Pods Frameworks */,
			);
			buildRules = (
			);
			dependencies = (
			);
			name = "Photo Vault";
			productName = "Photo Vault";
			productReference = DFCDA28D2206DA0B00295C99 /* Photo Vault.app */;
			productType = "com.apple.product-type.application";
		};
/* End PBXNativeTarget section */

/* Begin PBXProject section */
		DFCDA2852206DA0B00295C99 /* Project object */ = {
			isa = PBXProject;
			attributes = {
				LastSwiftUpdateCheck = 1010;
				LastUpgradeCheck = 1010;
				ORGANIZATIONNAME = "Josh Andrews";
				TargetAttributes = {
					DFCDA28C2206DA0B00295C99 = {
						CreatedOnToolsVersion = 10.1;
					};
				};
			};
			buildConfigurationList = DFCDA2882206DA0B00295C99 /* Build configuration list for PBXProject "Photo Vault" */;
			compatibilityVersion = "Xcode 9.3";
			developmentRegion = en;
			hasScannedForEncodings = 0;
			knownRegions = (
				en,
				Base,
			);
			mainGroup = DFCDA2842206DA0B00295C99;
			productRefGroup = DFCDA28E2206DA0B00295C99 /* Products */;
			projectDirPath = "";
			projectRoot = "";
			targets = (
				DFCDA28C2206DA0B00295C99 /* Photo Vault */,
			);
		};
/* End PBXProject section */

/* Begin PBXResourcesBuildPhase section */
		DFCDA28B2206DA0B00295C99 /* Resources */ = {
			isa = PBXResourcesBuildPhase;
			buildActionMask = 2147483647;
			files = (
				DFCDA29B2206DA0C00295C99 /* LaunchScreen.storyboard in Resources */,
				DFCDA2982206DA0C00295C99 /* Assets.xcassets in Resources */,
			);
			runOnlyForDeploymentPostprocessing = 0;
		};
/* End PBXResourcesBuildPhase section */

/* Begin PBXShellScriptBuildPhase section */
		B118FA7A365C16D94D00C7DA /* [CP] Check Pods Manifest.lock */ = {
			isa = PBXShellScriptBuildPhase;
			buildActionMask = 2147483647;
			files = (
			);
			inputFileListPaths = (
			);
			inputPaths = (
				"${PODS_PODFILE_DIR_PATH}/Podfile.lock",
				"${PODS_ROOT}/Manifest.lock",
			);
			name = "[CP] Check Pods Manifest.lock";
			outputFileListPaths = (
			);
			outputPaths = (
				"$(DERIVED_FILE_DIR)/Pods-Photo Vault-checkManifestLockResult.txt",
			);
			runOnlyForDeploymentPostprocessing = 0;
			shellPath = /bin/sh;
			shellScript = "diff \"${PODS_PODFILE_DIR_PATH}/Podfile.lock\" \"${PODS_ROOT}/Manifest.lock\" > /dev/null\nif [ $? != 0 ] ; then\n    # print error to STDERR\n    echo \"error: The sandbox is not in sync with the Podfile.lock. Run 'pod install' or update your CocoaPods installation.\" >&2\n    exit 1\nfi\n# This output is used by Xcode 'outputs' to avoid re-running this script phase.\necho \"SUCCESS\" > \"${SCRIPT_OUTPUT_FILE_0}\"\n";
			showEnvVarsInLog = 0;
		};
		D4DBE315E5F508993CE85E4E /* [CP] Embed Pods Frameworks */ = {
			isa = PBXShellScriptBuildPhase;
			buildActionMask = 2147483647;
			files = (
			);
			inputFileListPaths = (
			);
			inputPaths = (
				"${PODS_ROOT}/Target Support Files/Pods-Photo Vault/Pods-Photo Vault-frameworks.sh",
				"${BUILT_PRODUCTS_DIR}/MagicalRecord/MagicalRecord.framework",
				"${BUILT_PRODUCTS_DIR}/Player/Player.framework",
				"${BUILT_PRODUCTS_DIR}/SwiftyCam/SwiftyCam.framework",
			);
			name = "[CP] Embed Pods Frameworks";
			outputFileListPaths = (
			);
			outputPaths = (
				"${TARGET_BUILD_DIR}/${FRAMEWORKS_FOLDER_PATH}/MagicalRecord.framework",
				"${TARGET_BUILD_DIR}/${FRAMEWORKS_FOLDER_PATH}/Player.framework",
				"${TARGET_BUILD_DIR}/${FRAMEWORKS_FOLDER_PATH}/SwiftyCam.framework",
			);
			runOnlyForDeploymentPostprocessing = 0;
			shellPath = /bin/sh;
			shellScript = "\"${PODS_ROOT}/Target Support Files/Pods-Photo Vault/Pods-Photo Vault-frameworks.sh\"\n";
			showEnvVarsInLog = 0;
		};
/* End PBXShellScriptBuildPhase section */

/* Begin PBXSourcesBuildPhase section */
		DFCDA2892206DA0B00295C99 /* Sources */ = {
			isa = PBXSourcesBuildPhase;
			buildActionMask = 2147483647;
			files = (
				DF7D40322206DFC3001D5BE8 /* Theme.swift in Sources */,
				DF7D40382207CA2B001D5BE8 /* CameraViewController.swift in Sources */,
				DFF84D5B220A17CE00232A04 /* Core_Data.xcdatamodeld in Sources */,
				DFCDA2932206DA0B00295C99 /* LockViewController.swift in Sources */,
				DFCDA2912206DA0B00295C99 /* AppDelegate.swift in Sources */,
				DF7D403A2207CA39001D5BE8 /* LibraryCollectionViewController.swift in Sources */,
				DF163B47224435270034CCD3 /* MediaPlayerViewController.swift in Sources */,
				DF7D40362207C78C001D5BE8 /* VaultTabViewController.swift in Sources */,
			);
			runOnlyForDeploymentPostprocessing = 0;
		};
/* End PBXSourcesBuildPhase section */

/* Begin PBXVariantGroup section */
		DFCDA2992206DA0C00295C99 /* LaunchScreen.storyboard */ = {
			isa = PBXVariantGroup;
			children = (
				DFCDA29A2206DA0C00295C99 /* Base */,
			);
			name = LaunchScreen.storyboard;
			sourceTree = "<group>";
		};
/* End PBXVariantGroup section */

/* Begin XCBuildConfiguration section */
		DFCDA29D2206DA0C00295C99 /* Debug */ = {
			isa = XCBuildConfiguration;
			buildSettings = {
				ALWAYS_SEARCH_USER_PATHS = NO;
				CLANG_ANALYZER_NONNULL = YES;
				CLANG_ANALYZER_NUMBER_OBJECT_CONVERSION = YES_AGGRESSIVE;
				CLANG_CXX_LANGUAGE_STANDARD = "gnu++14";
				CLANG_CXX_LIBRARY = "libc++";
				CLANG_ENABLE_MODULES = YES;
				CLANG_ENABLE_OBJC_ARC = YES;
				CLANG_ENABLE_OBJC_WEAK = YES;
				CLANG_WARN_BLOCK_CAPTURE_AUTORELEASING = YES;
				CLANG_WARN_BOOL_CONVERSION = YES;
				CLANG_WARN_COMMA = YES;
				CLANG_WARN_CONSTANT_CONVERSION = YES;
				CLANG_WARN_DEPRECATED_OBJC_IMPLEMENTATIONS = YES;
				CLANG_WARN_DIRECT_OBJC_ISA_USAGE = YES_ERROR;
				CLANG_WARN_DOCUMENTATION_COMMENTS = YES;
				CLANG_WARN_EMPTY_BODY = YES;
				CLANG_WARN_ENUM_CONVERSION = YES;
				CLANG_WARN_INFINITE_RECURSION = YES;
				CLANG_WARN_INT_CONVERSION = YES;
				CLANG_WARN_NON_LITERAL_NULL_CONVERSION = YES;
				CLANG_WARN_OBJC_IMPLICIT_RETAIN_SELF = YES;
				CLANG_WARN_OBJC_LITERAL_CONVERSION = YES;
				CLANG_WARN_OBJC_ROOT_CLASS = YES_ERROR;
				CLANG_WARN_RANGE_LOOP_ANALYSIS = YES;
				CLANG_WARN_STRICT_PROTOTYPES = YES;
				CLANG_WARN_SUSPICIOUS_MOVE = YES;
				CLANG_WARN_UNGUARDED_AVAILABILITY = YES_AGGRESSIVE;
				CLANG_WARN_UNREACHABLE_CODE = YES;
				CLANG_WARN__DUPLICATE_METHOD_MATCH = YES;
				CODE_SIGN_IDENTITY = "iPhone Developer";
				COPY_PHASE_STRIP = NO;
				DEBUG_INFORMATION_FORMAT = dwarf;
				ENABLE_STRICT_OBJC_MSGSEND = YES;
				ENABLE_TESTABILITY = YES;
				GCC_C_LANGUAGE_STANDARD = gnu11;
				GCC_DYNAMIC_NO_PIC = NO;
				GCC_NO_COMMON_BLOCKS = YES;
				GCC_OPTIMIZATION_LEVEL = 0;
				GCC_PREPROCESSOR_DEFINITIONS = (
					"DEBUG=1",
					"$(inherited)",
				);
				GCC_WARN_64_TO_32_BIT_CONVERSION = YES;
				GCC_WARN_ABOUT_RETURN_TYPE = YES_ERROR;
				GCC_WARN_UNDECLARED_SELECTOR = YES;
				GCC_WARN_UNINITIALIZED_AUTOS = YES_AGGRESSIVE;
				GCC_WARN_UNUSED_FUNCTION = YES;
				GCC_WARN_UNUSED_VARIABLE = YES;
				IPHONEOS_DEPLOYMENT_TARGET = 12.1;
				MTL_ENABLE_DEBUG_INFO = INCLUDE_SOURCE;
				MTL_FAST_MATH = YES;
				ONLY_ACTIVE_ARCH = YES;
				SDKROOT = iphoneos;
				SWIFT_ACTIVE_COMPILATION_CONDITIONS = DEBUG;
				SWIFT_OPTIMIZATION_LEVEL = "-Onone";
			};
			name = Debug;
		};
		DFCDA29E2206DA0C00295C99 /* Release */ = {
			isa = XCBuildConfiguration;
			buildSettings = {
				ALWAYS_SEARCH_USER_PATHS = NO;
				CLANG_ANALYZER_NONNULL = YES;
				CLANG_ANALYZER_NUMBER_OBJECT_CONVERSION = YES_AGGRESSIVE;
				CLANG_CXX_LANGUAGE_STANDARD = "gnu++14";
				CLANG_CXX_LIBRARY = "libc++";
				CLANG_ENABLE_MODULES = YES;
				CLANG_ENABLE_OBJC_ARC = YES;
				CLANG_ENABLE_OBJC_WEAK = YES;
				CLANG_WARN_BLOCK_CAPTURE_AUTORELEASING = YES;
				CLANG_WARN_BOOL_CONVERSION = YES;
				CLANG_WARN_COMMA = YES;
				CLANG_WARN_CONSTANT_CONVERSION = YES;
				CLANG_WARN_DEPRECATED_OBJC_IMPLEMENTATIONS = YES;
				CLANG_WARN_DIRECT_OBJC_ISA_USAGE = YES_ERROR;
				CLANG_WARN_DOCUMENTATION_COMMENTS = YES;
				CLANG_WARN_EMPTY_BODY = YES;
				CLANG_WARN_ENUM_CONVERSION = YES;
				CLANG_WARN_INFINITE_RECURSION = YES;
				CLANG_WARN_INT_CONVERSION = YES;
				CLANG_WARN_NON_LITERAL_NULL_CONVERSION = YES;
				CLANG_WARN_OBJC_IMPLICIT_RETAIN_SELF = YES;
				CLANG_WARN_OBJC_LITERAL_CONVERSION = YES;
				CLANG_WARN_OBJC_ROOT_CLASS = YES_ERROR;
				CLANG_WARN_RANGE_LOOP_ANALYSIS = YES;
				CLANG_WARN_STRICT_PROTOTYPES = YES;
				CLANG_WARN_SUSPICIOUS_MOVE = YES;
				CLANG_WARN_UNGUARDED_AVAILABILITY = YES_AGGRESSIVE;
				CLANG_WARN_UNREACHABLE_CODE = YES;
				CLANG_WARN__DUPLICATE_METHOD_MATCH = YES;
				CODE_SIGN_IDENTITY = "iPhone Developer";
				COPY_PHASE_STRIP = NO;
				DEBUG_INFORMATION_FORMAT = "dwarf-with-dsym";
				ENABLE_NS_ASSERTIONS = NO;
				ENABLE_STRICT_OBJC_MSGSEND = YES;
				GCC_C_LANGUAGE_STANDARD = gnu11;
				GCC_NO_COMMON_BLOCKS = YES;
				GCC_WARN_64_TO_32_BIT_CONVERSION = YES;
				GCC_WARN_ABOUT_RETURN_TYPE = YES_ERROR;
				GCC_WARN_UNDECLARED_SELECTOR = YES;
				GCC_WARN_UNINITIALIZED_AUTOS = YES_AGGRESSIVE;
				GCC_WARN_UNUSED_FUNCTION = YES;
				GCC_WARN_UNUSED_VARIABLE = YES;
				IPHONEOS_DEPLOYMENT_TARGET = 12.1;
				MTL_ENABLE_DEBUG_INFO = NO;
				MTL_FAST_MATH = YES;
				SDKROOT = iphoneos;
				SWIFT_COMPILATION_MODE = wholemodule;
				SWIFT_OPTIMIZATION_LEVEL = "-O";
				VALIDATE_PRODUCT = YES;
			};
			name = Release;
		};
		DFCDA2A02206DA0C00295C99 /* Debug */ = {
			isa = XCBuildConfiguration;
			baseConfigurationReference = D6C812B2B8535F0702F22F24 /* Pods-Photo Vault.debug.xcconfig */;
			buildSettings = {
				ASSETCATALOG_COMPILER_APPICON_NAME = AppIcon;
				CODE_SIGN_STYLE = Automatic;
				DEVELOPMENT_TEAM = Z6B9PUU276;
				INFOPLIST_FILE = "Photo Vault/Info.plist";
				LD_RUNPATH_SEARCH_PATHS = (
					"$(inherited)",
					"@executable_path/Frameworks",
				);
				PRODUCT_BUNDLE_IDENTIFIER = "com.JoshAndrews.Photo-Vault";
				PRODUCT_NAME = "$(TARGET_NAME)";
				SWIFT_VERSION = 4.2;
				TARGETED_DEVICE_FAMILY = "1,2";
			};
			name = Debug;
		};
		DFCDA2A12206DA0C00295C99 /* Release */ = {
			isa = XCBuildConfiguration;
			baseConfigurationReference = 8986131FDE93873F7A4D1210 /* Pods-Photo Vault.release.xcconfig */;
			buildSettings = {
				ASSETCATALOG_COMPILER_APPICON_NAME = AppIcon;
				CODE_SIGN_STYLE = Automatic;
				DEVELOPMENT_TEAM = Z6B9PUU276;
				INFOPLIST_FILE = "Photo Vault/Info.plist";
				LD_RUNPATH_SEARCH_PATHS = (
					"$(inherited)",
					"@executable_path/Frameworks",
				);
				PRODUCT_BUNDLE_IDENTIFIER = "com.JoshAndrews.Photo-Vault";
				PRODUCT_NAME = "$(TARGET_NAME)";
				SWIFT_VERSION = 4.2;
				TARGETED_DEVICE_FAMILY = "1,2";
			};
			name = Release;
		};
/* End XCBuildConfiguration section */

/* Begin XCConfigurationList section */
		DFCDA2882206DA0B00295C99 /* Build configuration list for PBXProject "Photo Vault" */ = {
			isa = XCConfigurationList;
			buildConfigurations = (
				DFCDA29D2206DA0C00295C99 /* Debug */,
				DFCDA29E2206DA0C00295C99 /* Release */,
			);
			defaultConfigurationIsVisible = 0;
			defaultConfigurationName = Release;
		};
		DFCDA29F2206DA0C00295C99 /* Build configuration list for PBXNativeTarget "Photo Vault" */ = {
			isa = XCConfigurationList;
			buildConfigurations = (
				DFCDA2A02206DA0C00295C99 /* Debug */,
				DFCDA2A12206DA0C00295C99 /* Release */,
			);
			defaultConfigurationIsVisible = 0;
			defaultConfigurationName = Release;
		};
/* End XCConfigurationList section */

/* Begin XCVersionGroup section */
		DFF84D59220A17CE00232A04 /* Core_Data.xcdatamodeld */ = {
			isa = XCVersionGroup;
			children = (
				DFF84D5A220A17CE00232A04 /* Core_Data.xcdatamodel */,
			);
			currentVersion = DFF84D5A220A17CE00232A04 /* Core_Data.xcdatamodel */;
			path = Core_Data.xcdatamodeld;
			sourceTree = "<group>";
			versionGroupType = wrapper.xcdatamodel;
		};
/* End XCVersionGroup section */
	};
	rootObject = DFCDA2852206DA0B00295C99 /* Project object */;
}
