PODS:
  - Player (0.12.1)
  - SwiftyCam (3.0.0)

DEPENDENCIES:
  - Player
  - SwiftyCam

SPEC REPOS:
  https://github.com/cocoapods/specs.git:
    - Player
    - SwiftyCam

SPEC CHECKSUMS:
  Player: ae8070a33c9360f5c93c247c00236b9489f62fca
  SwiftyCam: 67338308e3a5a3545c2aeee17e2c964eba4cf49f

PODFILE CHECKSUM: d79b618c1ac0185a314e718b785151de1c7a24e2

COCOAPODS: 1.6.1
